
Microsoft Visual Studio Solution File, Format Version 12.00
# Visual Studio Version 16
VisualStudioVersion = 16.0.31702.278
MinimumVisualStudioVersion = 10.0.40219.1
Project("{FAE04EC0-301F-11D3-BF4B-00C04F79EFBC}") = "BeesApp", "BeesApp\BeesApp.csproj", "{D92989AE-B6C0-4B57-9175-8DBC82015517}"
EndProject
Global
	GlobalSection(SolutionConfigurationPlatforms) = preSolution
		Debug|Any CPU = Debug|Any CPU
		Release|Any CPU = Release|Any CPU
	EndGlobalSection
	GlobalSection(ProjectConfigurationPlatforms) = postSolution
		{D92989AE-B6C0-4B57-9175-8DBC82015517}.Debug|Any CPU.ActiveCfg = Debug|Any CPU
		{D92989AE-B6C0-4B57-9175-8DBC82015517}.Debug|Any CPU.Build.0 = Debug|Any CPU
		{D92989AE-B6C0-4B57-9175-8DBC82015517}.Release|Any CPU.ActiveCfg = Release|Any CPU
		{D92989AE-B6C0-4B57-9175-8DBC82015517}.Release|Any CPU.Build.0 = Release|Any CPU
	EndGlobalSection
	GlobalSection(SolutionProperties) = preSolution
		HideSolutionNode = FALSE
	EndGlobalSection
	GlobalSection(ExtensibilityGlobals) = postSolution
		SolutionGuid = {B1155C25-B9F2-4382-A37E-8045A180A5FD}
	EndGlobalSection
EndGlobal
